Microsoft Visual Studio Solution File, Format Version 12.00
# Visual Studio Version 16
VisualStudioVersion = 16.0.29728.190
MinimumVisualStudioVersion = 10.0.40219.1
Project("{2150E333-8FDC-42A3-9474-1A3956D46DE8}") = "stuff", "stuff", "{1ABDD7C1-1F8D-402D-8692-3E4B66962DE0}"
	ProjectSection(SolutionItems) = preProject
		CHANGELOG.md = CHANGELOG.md
		CONTRIBUTING.md = CONTRIBUTING.md
		LICENSE.md = LICENSE.md
		README.md = README.md
	EndProjectSection
EndProject
Project("{9A19103F-16F7-4668-BE54-9A1E7A4F7556}") = "Rebus.Msmq.Experimental", "Rebus.Msmq.Experimental\Rebus.Msmq.Experimental.csproj", "{EBAD9570-D5C5-4395-A680-A5ED476429D1}"
EndProject
Project("{9A19103F-16F7-4668-BE54-9A1E7A4F7556}") = "Rebus.Msmq.Experimental.Tests", "Rebus.Msmq.Experimental.Tests\Rebus.Msmq.Experimental.Tests.csproj", "{B69EC455-7932-46EC-B175-44E9A831E186}"
EndProject
Global
	GlobalSection(SolutionConfigurationPlatforms) = preSolution
		Debug|Any CPU = Debug|Any CPU
		Release|Any CPU = Release|Any CPU
	EndGlobalSection
	GlobalSection(ProjectConfigurationPlatforms) = postSolution
		{EBAD9570-D5C5-4395-A680-A5ED476429D1}.Debug|Any CPU.ActiveCfg = Debug|Any CPU
		{EBAD9570-D5C5-4395-A680-A5ED476429D1}.Debug|Any CPU.Build.0 = Debug|Any CPU
		{EBAD9570-D5C5-4395-A680-A5ED476429D1}.Release|Any CPU.ActiveCfg = Release|Any CPU
		{EBAD9570-D5C5-4395-A680-A5ED476429D1}.Release|Any CPU.Build.0 = Release|Any CPU
		{B69EC455-7932-46EC-B175-44E9A831E186}.Debug|Any CPU.ActiveCfg = Debug|Any CPU
		{B69EC455-7932-46EC-B175-44E9A831E186}.Debug|Any CPU.Build.0 = Debug|Any CPU
		{B69EC455-7932-46EC-B175-44E9A831E186}.Release|Any CPU.ActiveCfg = Release|Any CPU
		{B69EC455-7932-46EC-B175-44E9A831E186}.Release|Any CPU.Build.0 = Release|Any CPU
	EndGlobalSection
	GlobalSection(SolutionProperties) = preSolution
		HideSolutionNode = FALSE
	EndGlobalSection
	GlobalSection(ExtensibilityGlobals) = postSolution
		SolutionGuid = {95ABD515-CD62-4ACC-BED8-E596543C0839}
	EndGlobalSection
EndGlobal
